Microsoft Visual Studio Solution File, Format Version 12.00
# Visual Studio 2012
Project("{FAE04EC0-301F-11D3-BF4B-00C04F79EFBC}") = "Don't Freeze by P1x3lc0w (for Ludum Dare 50)", "Don't Freeze by P1x3lc0w (for Ludum Dare 50).csproj", "{4B290B27-1627-4A29-890E-C8F4DC2CC65E}"
EndProject
Global
	GlobalSection(SolutionConfigurationPlatforms) = preSolution
	Debug|Any CPU = Debug|Any CPU
	ExportDebug|Any CPU = ExportDebug|Any CPU
	ExportRelease|Any CPU = ExportRelease|Any CPU
	EndGlobalSection
	GlobalSection(ProjectConfigurationPlatforms) = postSolution
		{4B290B27-1627-4A29-890E-C8F4DC2CC65E}.Debug|Any CPU.ActiveCfg = Debug|Any CPU
		{4B290B27-1627-4A29-890E-C8F4DC2CC65E}.Debug|Any CPU.Build.0 = Debug|Any CPU
		{4B290B27-1627-4A29-890E-C8F4DC2CC65E}.ExportDebug|Any CPU.ActiveCfg = ExportDebug|Any CPU
		{4B290B27-1627-4A29-890E-C8F4DC2CC65E}.ExportDebug|Any CPU.Build.0 = ExportDebug|Any CPU
		{4B290B27-1627-4A29-890E-C8F4DC2CC65E}.ExportRelease|Any CPU.ActiveCfg = ExportRelease|Any CPU
		{4B290B27-1627-4A29-890E-C8F4DC2CC65E}.ExportRelease|Any CPU.Build.0 = ExportRelease|Any CPU
	EndGlobalSection
EndGlobal
